
Microsoft Visual Studio Solution File, Format Version 12.00
# Visual Studio Version 17
VisualStudioVersion = 17.4.33213.308
MinimumVisualStudioVersion = 10.0.40219.1
Project("{FAE04EC0-301F-11D3-BF4B-00C04F79EFBC}") = "PIC-SocialApp.Api", "PIC-SocialApp.Api\PIC-SocialApp.Api.csproj", "{C210978B-FDD3-48BF-AB2F-134A08A538C1}"
EndProject
Project("{FAE04EC0-301F-11D3-BF4B-00C04F79EFBC}") = "PIC-SocialApp.Domain", "PIC-SocialApp.Domain\PIC-SocialApp.Domain.csproj", "{AA610849-4A4F-459D-B91E-55A070B50A2D}"
EndProject
Project("{FAE04EC0-301F-11D3-BF4B-00C04F79EFBC}") = "PIC-SocialApp.Application", "PIC-SocialApp.Application\PIC-SocialApp.Application.csproj", "{F92637D5-0102-4FE2-B331-47F5A3D5840F}"
EndProject
Global
	GlobalSection(SolutionConfigurationPlatforms) = preSolution
		Debug|Any CPU = Debug|Any CPU
		Release|Any CPU = Release|Any CPU
	EndGlobalSection
	GlobalSection(ProjectConfigurationPlatforms) = postSolution
		{C210978B-FDD3-48BF-AB2F-134A08A538C1}.Debug|Any CPU.ActiveCfg = Debug|Any CPU
		{C210978B-FDD3-48BF-AB2F-134A08A538C1}.Debug|Any CPU.Build.0 = Debug|Any CPU
		{C210978B-FDD3-48BF-AB2F-134A08A538C1}.Release|Any CPU.ActiveCfg = Release|Any CPU
		{C210978B-FDD3-48BF-AB2F-134A08A538C1}.Release|Any CPU.Build.0 = Release|Any CPU
		{AA610849-4A4F-459D-B91E-55A070B50A2D}.Debug|Any CPU.ActiveCfg = Debug|Any CPU
		{AA610849-4A4F-459D-B91E-55A070B50A2D}.Debug|Any CPU.Build.0 = Debug|Any CPU
		{AA610849-4A4F-459D-B91E-55A070B50A2D}.Release|Any CPU.ActiveCfg = Release|Any CPU
		{AA610849-4A4F-459D-B91E-55A070B50A2D}.Release|Any CPU.Build.0 = Release|Any CPU
		{F92637D5-0102-4FE2-B331-47F5A3D5840F}.Debug|Any CPU.ActiveCfg = Debug|Any CPU
		{F92637D5-0102-4FE2-B331-47F5A3D5840F}.Debug|Any CPU.Build.0 = Debug|Any CPU
		{F92637D5-0102-4FE2-B331-47F5A3D5840F}.Release|Any CPU.ActiveCfg = Release|Any CPU
		{F92637D5-0102-4FE2-B331-47F5A3D5840F}.Release|Any CPU.Build.0 = Release|Any CPU
	EndGlobalSection
	GlobalSection(SolutionProperties) = preSolution
		HideSolutionNode = FALSE
	EndGlobalSection
	GlobalSection(ExtensibilityGlobals) = postSolution
		SolutionGuid = {2D24ACAB-37F2-4CEA-8223-206A02520089}
	EndGlobalSection
EndGlobal
